
Microsoft Visual Studio Solution File, Format Version 12.00
# Visual Studio Version 16
VisualStudioVersion = 16.0.31205.134
MinimumVisualStudioVersion = 10.0.40219.1
Project("{FAE04EC0-301F-11D3-BF4B-00C04F79EFBC}") = "MNBsupp", "MNBsupp\MNBsupp.csproj", "{748141BF-A627-412D-9C63-A61523A5DFE8}"
EndProject
Global
	GlobalSection(SolutionConfigurationPlatforms) = preSolution
		Debug|Any CPU = Debug|Any CPU
		Release|Any CPU = Release|Any CPU
	EndGlobalSection
	GlobalSection(ProjectConfigurationPlatforms) = postSolution
		{748141BF-A627-412D-9C63-A61523A5DFE8}.Debug|Any CPU.ActiveCfg = Debug|Any CPU
		{748141BF-A627-412D-9C63-A61523A5DFE8}.Debug|Any CPU.Build.0 = Debug|Any CPU
		{748141BF-A627-412D-9C63-A61523A5DFE8}.Release|Any CPU.ActiveCfg = Release|Any CPU
		{748141BF-A627-412D-9C63-A61523A5DFE8}.Release|Any CPU.Build.0 = Release|Any CPU
	EndGlobalSection
	GlobalSection(SolutionProperties) = preSolution
		HideSolutionNode = FALSE
	EndGlobalSection
	GlobalSection(ExtensibilityGlobals) = postSolution
		SolutionGuid = {619E2FEB-00C2-464D-BA99-10E1A808F12D}
	EndGlobalSection
EndGlobal
