
Microsoft Visual Studio Solution File, Format Version 12.00
# Visual Studio Version 16
VisualStudioVersion = 16.0.31205.134
MinimumVisualStudioVersion = 10.0.40219.1
Project("{FAE04EC0-301F-11D3-BF4B-00C04F79EFBC}") = "SantaFactory", "SantaFactory\SantaFactory.csproj", "{05E2B724-AFD0-4B4A-87E4-C3C3C5C80B5D}"
EndProject
Global
	GlobalSection(SolutionConfigurationPlatforms) = preSolution
		Debug|Any CPU = Debug|Any CPU
		Release|Any CPU = Release|Any CPU
	EndGlobalSection
	GlobalSection(ProjectConfigurationPlatforms) = postSolution
		{05E2B724-AFD0-4B4A-87E4-C3C3C5C80B5D}.Debug|Any CPU.ActiveCfg = Debug|Any CPU
		{05E2B724-AFD0-4B4A-87E4-C3C3C5C80B5D}.Debug|Any CPU.Build.0 = Debug|Any CPU
		{05E2B724-AFD0-4B4A-87E4-C3C3C5C80B5D}.Release|Any CPU.ActiveCfg = Release|Any CPU
		{05E2B724-AFD0-4B4A-87E4-C3C3C5C80B5D}.Release|Any CPU.Build.0 = Release|Any CPU
	EndGlobalSection
	GlobalSection(SolutionProperties) = preSolution
		HideSolutionNode = FALSE
	EndGlobalSection
	GlobalSection(ExtensibilityGlobals) = postSolution
		SolutionGuid = {0B62F7AD-E4CE-4068-A833-9C2966E0A3DF}
	EndGlobalSection
EndGlobal
